// !$*UTF8*$!
{
	archiveVersion = 1;
	classes = {
	};
	objectVersion = 48;
	objects = {

/* Begin PBXBuildFile section */
		8E09A5557D78F3752B01F121 /* libPods-iOSRN.a in Frameworks */ = {isa = PBXBuildFile; fileRef = 774C6A519D68551A98781142 /* libPods-iOSRN.a */; };
		9C019471203EB0AE00BBE03A /* AppDelegate.m in Sources */ = {isa = PBXBuildFile; fileRef = 9C019470203EB0AE00BBE03A /* AppDelegate.m */; };
		9C019474203EB0AE00BBE03A /* ViewController.m in Sources */ = {isa = PBXBuildFile; fileRef = 9C019473203EB0AE00BBE03A /* ViewController.m */; };
		9C019477203EB0AE00BBE03A /* Main.storyboard in Resources */ = {isa = PBXBuildFile; fileRef = 9C019475203EB0AE00BBE03A /* Main.storyboard */; };
		9C019479203EB0AE00BBE03A /* Assets.xcassets in Resources */ = {isa = PBXBuildFile; fileRef = 9C019478203EB0AE00BBE03A /* Assets.xcassets */; };
		9C01947C203EB0AE00BBE03A /* LaunchScreen.storyboard in Resources */ = {isa = PBXBuildFile; fileRef = 9C01947A203EB0AE00BBE03A /* LaunchScreen.storyboard */; };
		9C01947F203EB0AE00BBE03A /* main.m in Sources */ = {isa = PBXBuildFile; fileRef = 9C01947E203EB0AE00BBE03A /* main.m */; };
		9C019487203EB53B00BBE03A /* RNViewController.m in Sources */ = {isa = PBXBuildFile; fileRef = 9C019486203EB53B00BBE03A /* RNViewController.m */; };
		9C99FA43203FDD0B00828FDD /* RNOrderModuleVC.m in Sources */ = {isa = PBXBuildFile; fileRef = 9C99FA42203FDD0B00828FDD /* RNOrderModuleVC.m */; };
		9C99FA46203FDD1F00828FDD /* RNShopVC.m in Sources */ = {isa = PBXBuildFile; fileRef = 9C99FA45203FDD1F00828FDD /* RNShopVC.m */; };
/* End PBXBuildFile section */

/* Begin PBXFileReference section */
		774C6A519D68551A98781142 /* libPods-iOSRN.a */ = {isa = PBXFileReference; explicitFileType = archive.ar; includeInIndex = 0; path = "libPods-iOSRN.a"; sourceTree = BUILT_PRODUCTS_DIR; };
		9C01946C203EB0AE00BBE03A /* iOSRN.app */ = {isa = PBXFileReference; explicitFileType = wrapper.application; includeInIndex = 0; path = iOSRN.app; sourceTree = BUILT_PRODUCTS_DIR; };
		9C01946F203EB0AE00BBE03A /* AppDelegate.h */ = {isa = PBXFileReference; lastKnownFileType = sourcecode.c.h; path = AppDelegate.h; sourceTree = "<group>"; };
		9C019470203EB0AE00BBE03A /* AppDelegate.m */ = {isa = PBXFileReference; lastKnownFileType = sourcecode.c.objc; path = AppDelegate.m; sourceTree = "<group>"; };
		9C019472203EB0AE00BBE03A /* ViewController.h */ = {isa = PBXFileReference; lastKnownFileType = sourcecode.c.h; path = ViewController.h; sourceTree = "<group>"; };
		9C019473203EB0AE00BBE03A /* ViewController.m */ = {isa = PBXFileReference; lastKnownFileType = sourcecode.c.objc; path = ViewController.m; sourceTree = "<group>"; };
		9C019476203EB0AE00BBE03A /* Base */ = {isa = PBXFileReference; lastKnownFileType = file.storyboard; name = Base; path = Base.lproj/Main.storyboard; sourceTree = "<group>"; };
		9C019478203EB0AE00BBE03A /* Assets.xcassets */ = {isa = PBXFileReference; lastKnownFileType = folder.assetcatalog; path = Assets.xcassets; sourceTree = "<group>"; };
		9C01947B203EB0AE00BBE03A /* Base */ = {isa = PBXFileReference; lastKnownFileType = file.storyboard; name = Base; path = Base.lproj/LaunchScreen.storyboard; sourceTree = "<group>"; };
		9C01947D203EB0AE00BBE03A /* Info.plist */ = {isa = PBXFileReference; lastKnownFileType = text.plist.xml; path = Info.plist; sourceTree = "<group>"; };
		9C01947E203EB0AE00BBE03A /* main.m */ = {isa = PBXFileReference; lastKnownFileType = sourcecode.c.objc; path = main.m; sourceTree = "<group>"; };
		9C019485203EB53B00BBE03A /* RNViewController.h */ = {isa = PBXFileReference; lastKnownFileType = sourcecode.c.h; path = RNViewController.h; sourceTree = "<group>"; };
		9C019486203EB53B00BBE03A /* RNViewController.m */ = {isa = PBXFileReference; lastKnownFileType = sourcecode.c.objc; path = RNViewController.m; sourceTree = "<group>"; };
		9C99FA41203FDD0B00828FDD /* RNOrderModuleVC.h */ = {isa = PBXFileReference; lastKnownFileType = sourcecode.c.h; path = RNOrderModuleVC.h; sourceTree = "<group>"; };
		9C99FA42203FDD0B00828FDD /* RNOrderModuleVC.m */ = {isa = PBXFileReference; lastKnownFileType = sourcecode.c.objc; path = RNOrderModuleVC.m; sourceTree = "<group>"; };
		9C99FA44203FDD1F00828FDD /* RNShopVC.h */ = {isa = PBXFileReference; lastKnownFileType = sourcecode.c.h; path = RNShopVC.h; sourceTree = "<group>"; };
		9C99FA45203FDD1F00828FDD /* RNShopVC.m */ = {isa = PBXFileReference; lastKnownFileType = sourcecode.c.objc; path = RNShopVC.m; sourceTree = "<group>"; };
		9CFA861B7DEF7D5D61E36F56 /* Pods-iOSRN.release.xcconfig */ = {isa = PBXFileReference; includeInIndex = 1; lastKnownFileType = text.xcconfig; name = "Pods-iOSRN.release.xcconfig"; path = "Pods/Target Support Files/Pods-iOSRN/Pods-iOSRN.release.xcconfig"; sourceTree = "<group>"; };
		D0A6E583A5A9864A1E09FFB5 /* Pods-iOSRN.debug.xcconfig */ = {isa = PBXFileReference; includeInIndex = 1; lastKnownFileType = text.xcconfig; name = "Pods-iOSRN.debug.xcconfig"; path = "Pods/Target Support Files/Pods-iOSRN/Pods-iOSRN.debug.xcconfig"; sourceTree = "<group>"; };
/* End PBXFileReference section */

/* Begin PBXFrameworksBuildPhase section */
		9C019469203EB0AE00BBE03A /* Frameworks */ = {
			isa = PBXFrameworksBuildPhase;
			buildActionMask = 2147483647;
			files = (
				8E09A5557D78F3752B01F121 /* libPods-iOSRN.a in Frameworks */,
			);
			runOnlyForDeploymentPostprocessing = 0;
		};
/* End PBXFrameworksBuildPhase section */

/* Begin PBXGroup section */
		9C019463203EB0AE00BBE03A = {
			isa = PBXGroup;
			children = (
				9C01946E203EB0AE00BBE03A /* iOSRN */,
				9C01946D203EB0AE00BBE03A /* Products */,
				B38E1280F2641264245788B8 /* Pods */,
				BC44C9AFFB819B40EEE0D41F /* Frameworks */,
			);
			sourceTree = "<group>";
		};
		9C01946D203EB0AE00BBE03A /* Products */ = {
			isa = PBXGroup;
			children = (
				9C01946C203EB0AE00BBE03A /* iOSRN.app */,
			);
			name = Products;
			sourceTree = "<group>";
		};
		9C01946E203EB0AE00BBE03A /* iOSRN */ = {
			isa = PBXGroup;
			children = (
				9C01946F203EB0AE00BBE03A /* AppDelegate.h */,
				9C019470203EB0AE00BBE03A /* AppDelegate.m */,
				9C019472203EB0AE00BBE03A /* ViewController.h */,
				9C019473203EB0AE00BBE03A /* ViewController.m */,
				9C019485203EB53B00BBE03A /* RNViewController.h */,
				9C019486203EB53B00BBE03A /* RNViewController.m */,
				9C99FA41203FDD0B00828FDD /* RNOrderModuleVC.h */,
				9C99FA42203FDD0B00828FDD /* RNOrderModuleVC.m */,
				9C99FA44203FDD1F00828FDD /* RNShopVC.h */,
				9C99FA45203FDD1F00828FDD /* RNShopVC.m */,
				9C019475203EB0AE00BBE03A /* Main.storyboard */,
				9C019478203EB0AE00BBE03A /* Assets.xcassets */,
				9C01947A203EB0AE00BBE03A /* LaunchScreen.storyboard */,
				9C01947D203EB0AE00BBE03A /* Info.plist */,
				9C01947E203EB0AE00BBE03A /* main.m */,
			);
			path = iOSRN;
			sourceTree = "<group>";
		};
		B38E1280F2641264245788B8 /* Pods */ = {
			isa = PBXGroup;
			children = (
				D0A6E583A5A9864A1E09FFB5 /* Pods-iOSRN.debug.xcconfig */,
				9CFA861B7DEF7D5D61E36F56 /* Pods-iOSRN.release.xcconfig */,
			);
			name = Pods;
			sourceTree = "<group>";
		};
		BC44C9AFFB819B40EEE0D41F /* Frameworks */ = {
			isa = PBXGroup;
			children = (
				774C6A519D68551A98781142 /* libPods-iOSRN.a */,
			);
			name = Frameworks;
			sourceTree = "<group>";
		};
/* End PBXGroup section */

/* Begin PBXNativeTarget section */
		9C01946B203EB0AE00BBE03A /* iOSRN */ = {
			isa = PBXNativeTarget;
			buildConfigurationList = 9C019482203EB0AE00BBE03A /* Build configuration list for PBXNativeTarget "iOSRN" */;
			buildPhases = (
				88443BE94D3AAA5DB4F6284F /* [CP] Check Pods Manifest.lock */,
				9C019468203EB0AE00BBE03A /* Sources */,
				9C019469203EB0AE00BBE03A /* Frameworks */,
				9C01946A203EB0AE00BBE03A /* Resources */,
				7777B975E2737D9E01FEAF55 /* [CP] Embed Pods Frameworks */,
				95D53774C1328AF2B7ECC898 /* [CP] Copy Pods Resources */,
			);
			buildRules = (
			);
			dependencies = (
			);
			name = iOSRN;
			productName = iOSRN;
			productReference = 9C01946C203EB0AE00BBE03A /* iOSRN.app */;
			productType = "com.apple.product-type.application";
		};
/* End PBXNativeTarget section */

/* Begin PBXProject section */
		9C019464203EB0AE00BBE03A /* Project object */ = {
			isa = PBXProject;
			attributes = {
				LastUpgradeCheck = 0920;
				ORGANIZATIONNAME = "刘光强";
				TargetAttributes = {
					9C01946B203EB0AE00BBE03A = {
						CreatedOnToolsVersion = 9.2;
						ProvisioningStyle = Automatic;
					};
				};
			};
			buildConfigurationList = 9C019467203EB0AE00BBE03A /* Build configuration list for PBXProject "iOSRN" */;
			compatibilityVersion = "Xcode 8.0";
			developmentRegion = en;
			hasScannedForEncodings = 0;
			knownRegions = (
				en,
				Base,
			);
			mainGroup = 9C019463203EB0AE00BBE03A;
			productRefGroup = 9C01946D203EB0AE00BBE03A /* Products */;
			projectDirPath = "";
			projectRoot = "";
			targets = (
				9C01946B203EB0AE00BBE03A /* iOSRN */,
			);
		};
/* End PBXProject section */

/* Begin PBXResourcesBuildPhase section */
		9C01946A203EB0AE00BBE03A /* Resources */ = {
			isa = PBXResourcesBuildPhase;
			buildActionMask = 2147483647;
			files = (
				9C01947C203EB0AE00BBE03A /* LaunchScreen.storyboard in Resources */,
				9C019479203EB0AE00BBE03A /* Assets.xcassets in Resources */,
				9C019477203EB0AE00BBE03A /* Main.storyboard in Resources */,
			);
			runOnlyForDeploymentPostprocessing = 0;
		};
/* End PBXResourcesBuildPhase section */

/* Begin PBXShellScriptBuildPhase section */
		7777B975E2737D9E01FEAF55 /* [CP] Embed Pods Frameworks */ = {
			isa = PBXShellScriptBuildPhase;
			buildActionMask = 2147483647;
			files = (
			);
			inputPaths = (
			);
			name = "[CP] Embed Pods Frameworks";
			outputPaths = (
			);
			runOnlyForDeploymentPostprocessing = 0;
			shellPath = /bin/sh;
			shellScript = "\"${SRCROOT}/Pods/Target Support Files/Pods-iOSRN/Pods-iOSRN-frameworks.sh\"\n";
			showEnvVarsInLog = 0;
		};
		88443BE94D3AAA5DB4F6284F /* [CP] Check Pods Manifest.lock */ = {
			isa = PBXShellScriptBuildPhase;
			buildActionMask = 2147483647;
			files = (
			);
			inputPaths = (
				"${PODS_PODFILE_DIR_PATH}/Podfile.lock",
				"${PODS_ROOT}/Manifest.lock",
			);
			name = "[CP] Check Pods Manifest.lock";
			outputPaths = (
				"$(DERIVED_FILE_DIR)/Pods-iOSRN-checkManifestLockResult.txt",
			);
			runOnlyForDeploymentPostprocessing = 0;
			shellPath = /bin/sh;
			shellScript = "diff \"${PODS_PODFILE_DIR_PATH}/Podfile.lock\" \"${PODS_ROOT}/Manifest.lock\" > /dev/null\nif [ $? != 0 ] ; then\n    # print error to STDERR\n    echo \"error: The sandbox is not in sync with the Podfile.lock. Run 'pod install' or update your CocoaPods installation.\" >&2\n    exit 1\nfi\n# This output is used by Xcode 'outputs' to avoid re-running this script phase.\necho \"SUCCESS\" > \"${SCRIPT_OUTPUT_FILE_0}\"\n";
			showEnvVarsInLog = 0;
		};
		95D53774C1328AF2B7ECC898 /* [CP] Copy Pods Resources */ = {
			isa = PBXShellScriptBuildPhase;
			buildActionMask = 2147483647;
			files = (
			);
			inputPaths = (
			);
			name = "[CP] Copy Pods Resources";
			outputPaths = (
			);
			runOnlyForDeploymentPostprocessing = 0;
			shellPath = /bin/sh;
			shellScript = "\"${SRCROOT}/Pods/Target Support Files/Pods-iOSRN/Pods-iOSRN-resources.sh\"\n";
			showEnvVarsInLog = 0;
		};
/* End PBXShellScriptBuildPhase section */

/* Begin PBXSourcesBuildPhase section */
		9C019468203EB0AE00BBE03A /* Sources */ = {
			isa = PBXSourcesBuildPhase;
			buildActionMask = 2147483647;
			files = (
				9C019487203EB53B00BBE03A /* RNViewController.m in Sources */,
				9C019474203EB0AE00BBE03A /* ViewController.m in Sources */,
				9C01947F203EB0AE00BBE03A /* main.m in Sources */,
				9C99FA43203FDD0B00828FDD /* RNOrderModuleVC.m in Sources */,
				9C99FA46203FDD1F00828FDD /* RNShopVC.m in Sources */,
				9C019471203EB0AE00BBE03A /* AppDelegate.m in Sources */,
			);
			runOnlyForDeploymentPostprocessing = 0;
		};
/* End PBXSourcesBuildPhase section */

/* Begin PBXVariantGroup section */
		9C019475203EB0AE00BBE03A /* Main.storyboard */ = {
			isa = PBXVariantGroup;
			children = (
				9C019476203EB0AE00BBE03A /* Base */,
			);
			name = Main.storyboard;
			sourceTree = "<group>";
		};
		9C01947A203EB0AE00BBE03A /* LaunchScreen.storyboard */ = {
			isa = PBXVariantGroup;
			children = (
				9C01947B203EB0AE00BBE03A /* Base */,
			);
			name = LaunchScreen.storyboard;
			sourceTree = "<group>";
		};
/* End PBXVariantGroup section */

/* Begin XCBuildConfiguration section */
		9C019480203EB0AE00BBE03A /* Debug */ = {
			isa = XCBuildConfiguration;
			buildSettings = {
				ALWAYS_SEARCH_USER_PATHS = NO;
				CLANG_ANALYZER_NONNULL = YES;
				CLANG_ANALYZER_NUMBER_OBJECT_CONVERSION = YES_AGGRESSIVE;
				CLANG_CXX_LANGUAGE_STANDARD = "gnu++14";
				CLANG_CXX_LIBRARY = "libc++";
				CLANG_ENABLE_MODULES = YES;
				CLANG_ENABLE_OBJC_ARC = YES;
				CLANG_WARN_BLOCK_CAPTURE_AUTORELEASING = YES;
				CLANG_WARN_BOOL_CONVERSION = YES;
				CLANG_WARN_COMMA = YES;
				CLANG_WARN_CONSTANT_CONVERSION = YES;
				CLANG_WARN_DIRECT_OBJC_ISA_USAGE = YES_ERROR;
				CLANG_WARN_DOCUMENTATION_COMMENTS = YES;
				CLANG_WARN_EMPTY_BODY = YES;
				CLANG_WARN_ENUM_CONVERSION = YES;
				CLANG_WARN_INFINITE_RECURSION = YES;
				CLANG_WARN_INT_CONVERSION = YES;
				CLANG_WARN_NON_LITERAL_NULL_CONVERSION = YES;
				CLANG_WARN_OBJC_LITERAL_CONVERSION = YES;
				CLANG_WARN_OBJC_ROOT_CLASS = YES_ERROR;
				CLANG_WARN_RANGE_LOOP_ANALYSIS = YES;
				CLANG_WARN_STRICT_PROTOTYPES = YES;
				CLANG_WARN_SUSPICIOUS_MOVE = YES;
				CLANG_WARN_UNGUARDED_AVAILABILITY = YES_AGGRESSIVE;
				CLANG_WARN_UNREACHABLE_CODE = YES;
				CLANG_WARN__DUPLICATE_METHOD_MATCH = YES;
				CODE_SIGN_IDENTITY = "iPhone Developer";
				COPY_PHASE_STRIP = NO;
				DEBUG_INFORMATION_FORMAT = dwarf;
				ENABLE_STRICT_OBJC_MSGSEND = YES;
				ENABLE_TESTABILITY = YES;
				GCC_C_LANGUAGE_STANDARD = gnu11;
				GCC_DYNAMIC_NO_PIC = NO;
				GCC_NO_COMMON_BLOCKS = YES;
				GCC_OPTIMIZATION_LEVEL = 0;
				GCC_PREPROCESSOR_DEFINITIONS = (
					"DEBUG=1",
					"$(inherited)",
				);
				GCC_WARN_64_TO_32_BIT_CONVERSION = YES;
				GCC_WARN_ABOUT_RETURN_TYPE = YES_ERROR;
				GCC_WARN_UNDECLARED_SELECTOR = YES;
				GCC_WARN_UNINITIALIZED_AUTOS = YES_AGGRESSIVE;
				GCC_WARN_UNUSED_FUNCTION = YES;
				GCC_WARN_UNUSED_VARIABLE = YES;
				IPHONEOS_DEPLOYMENT_TARGET = 11.2;
				MTL_ENABLE_DEBUG_INFO = YES;
				ONLY_ACTIVE_ARCH = YES;
				SDKROOT = iphoneos;
			};
			name = Debug;
		};
		9C019481203EB0AE00BBE03A /* Release */ = {
			isa = XCBuildConfiguration;
			buildSettings = {
				ALWAYS_SEARCH_USER_PATHS = NO;
				CLANG_ANALYZER_NONNULL = YES;
				CLANG_ANALYZER_NUMBER_OBJECT_CONVERSION = YES_AGGRESSIVE;
				CLANG_CXX_LANGUAGE_STANDARD = "gnu++14";
				CLANG_CXX_LIBRARY = "libc++";
				CLANG_ENABLE_MODULES = YES;
				CLANG_ENABLE_OBJC_ARC = YES;
				CLANG_WARN_BLOCK_CAPTURE_AUTORELEASING = YES;
				CLANG_WARN_BOOL_CONVERSION = YES;
				CLANG_WARN_COMMA = YES;
				CLANG_WARN_CONSTANT_CONVERSION = YES;
				CLANG_WARN_DIRECT_OBJC_ISA_USAGE = YES_ERROR;
				CLANG_WARN_DOCUMENTATION_COMMENTS = YES;
				CLANG_WARN_EMPTY_BODY = YES;
				CLANG_WARN_ENUM_CONVERSION = YES;
				CLANG_WARN_INFINITE_RECURSION = YES;
				CLANG_WARN_INT_CONVERSION = YES;
				CLANG_WARN_NON_LITERAL_NULL_CONVERSION = YES;
				CLANG_WARN_OBJC_LITERAL_CONVERSION = YES;
				CLANG_WARN_OBJC_ROOT_CLASS = YES_ERROR;
				CLANG_WARN_RANGE_LOOP_ANALYSIS = YES;
				CLANG_WARN_STRICT_PROTOTYPES = YES;
				CLANG_WARN_SUSPICIOUS_MOVE = YES;
				CLANG_WARN_UNGUARDED_AVAILABILITY = YES_AGGRESSIVE;
				CLANG_WARN_UNREACHABLE_CODE = YES;
				CLANG_WARN__DUPLICATE_METHOD_MATCH = YES;
				CODE_SIGN_IDENTITY = "iPhone Developer";
				COPY_PHASE_STRIP = NO;
				DEBUG_INFORMATION_FORMAT = "dwarf-with-dsym";
				ENABLE_NS_ASSERTIONS = NO;
				ENABLE_STRICT_OBJC_MSGSEND = YES;
				GCC_C_LANGUAGE_STANDARD = gnu11;
				GCC_NO_COMMON_BLOCKS = YES;
				GCC_WARN_64_TO_32_BIT_CONVERSION = YES;
				GCC_WARN_ABOUT_RETURN_TYPE = YES_ERROR;
				GCC_WARN_UNDECLARED_SELECTOR = YES;
				GCC_WARN_UNINITIALIZED_AUTOS = YES_AGGRESSIVE;
				GCC_WARN_UNUSED_FUNCTION = YES;
				GCC_WARN_UNUSED_VARIABLE = YES;
				IPHONEOS_DEPLOYMENT_TARGET = 11.2;
				MTL_ENABLE_DEBUG_INFO = NO;
				SDKROOT = iphoneos;
				VALIDATE_PRODUCT = YES;
			};
			name = Release;
		};
		9C019483203EB0AE00BBE03A /* Debug */ = {
			isa = XCBuildConfiguration;
			baseConfigurationReference = D0A6E583A5A9864A1E09FFB5 /* Pods-iOSRN.debug.xcconfig */;
			buildSettings = {
				ASSETCATALOG_COMPILER_APPICON_NAME = AppIcon;
				CODE_SIGN_STYLE = Automatic;
				DEVELOPMENT_TEAM = B45NW5YEWY;
				INFOPLIST_FILE = iOSRN/Info.plist;
				IPHONEOS_DEPLOYMENT_TARGET = 9.0;
				LD_RUNPATH_SEARCH_PATHS = "$(inherited) @executable_path/Frameworks";
				PRODUCT_BUNDLE_IDENTIFIER = guangqiang.iOSRN;
				PRODUCT_NAME = "$(TARGET_NAME)";
				TARGETED_DEVICE_FAMILY = 1;
				USER_HEADER_SEARCH_PATHS = "$(PODS_ROOT)/**";
			};
			name = Debug;
		};
		9C019484203EB0AE00BBE03A /* Release */ = {
			isa = XCBuildConfiguration;
			baseConfigurationReference = 9CFA861B7DEF7D5D61E36F56 /* Pods-iOSRN.release.xcconfig */;
			buildSettings = {
				ASSETCATALOG_COMPILER_APPICON_NAME = AppIcon;
				CODE_SIGN_STYLE = Automatic;
				DEVELOPMENT_TEAM = B45NW5YEWY;
				INFOPLIST_FILE = iOSRN/Info.plist;
				IPHONEOS_DEPLOYMENT_TARGET = 9.0;
				LD_RUNPATH_SEARCH_PATHS = "$(inherited) @executable_path/Frameworks";
				PRODUCT_BUNDLE_IDENTIFIER = guangqiang.iOSRN;
				PRODUCT_NAME = "$(TARGET_NAME)";
				TARGETED_DEVICE_FAMILY = 1;
				USER_HEADER_SEARCH_PATHS = "$(PODS_ROOT)/**";
			};
			name = Release;
		};
/* End XCBuildConfiguration section */

/* Begin XCConfigurationList section */
		9C019467203EB0AE00BBE03A /* Build configuration list for PBXProject "iOSRN" */ = {
			isa = XCConfigurationList;
			buildConfigurations = (
				9C019480203EB0AE00BBE03A /* Debug */,
				9C019481203EB0AE00BBE03A /* Release */,
			);
			defaultConfigurationIsVisible = 0;
			defaultConfigurationName = Release;
		};
		9C019482203EB0AE00BBE03A /* Build configuration list for PBXNativeTarget "iOSRN" */ = {
			isa = XCConfigurationList;
			buildConfigurations = (
				9C019483203EB0AE00BBE03A /* Debug */,
				9C019484203EB0AE00BBE03A /* Release */,
			);
			defaultConfigurationIsVisible = 0;
			defaultConfigurationName = Release;
		};
/* End XCConfigurationList section */
	};
	rootObject = 9C019464203EB0AE00BBE03A /* Project object */;
}
